
Microsoft Visual Studio Solution File, Format Version 12.00
# Visual Studio Version 16
VisualStudioVersion = 16.0.30621.155
MinimumVisualStudioVersion = 10.0.40219.1
Project("{8BC9CEB8-8B4A-11D0-8D11-00A0C91BC942}") = "OpenGL", "OpenGL.vcxproj", "{96E5E2ED-D45B-4D7D-9325-1C1171148103}"
EndProject
Global
	GlobalSection(SolutionConfigurationPlatforms) = preSolution
		Debug|x64 = Debug|x64
		Debug|x86 = Debug|x86
		Release|x64 = Release|x64
		Release|x86 = Release|x86
	EndGlobalSection
	GlobalSection(ProjectConfigurationPlatforms) = postSolution
		{96E5E2ED-D45B-4D7D-9325-1C1171148103}.Debug|x64.ActiveCfg = Debug|x64
		{96E5E2ED-D45B-4D7D-9325-1C1171148103}.Debug|x64.Build.0 = Debug|x64
		{96E5E2ED-D45B-4D7D-9325-1C1171148103}.Debug|x86.ActiveCfg = Debug|Win32
		{96E5E2ED-D45B-4D7D-9325-1C1171148103}.Debug|x86.Build.0 = Debug|Win32
		{96E5E2ED-D45B-4D7D-9325-1C1171148103}.Release|x64.ActiveCfg = Release|x64
		{96E5E2ED-D45B-4D7D-9325-1C1171148103}.Release|x64.Build.0 = Release|x64
		{96E5E2ED-D45B-4D7D-9325-1C1171148103}.Release|x86.ActiveCfg = Release|Win32
		{96E5E2ED-D45B-4D7D-9325-1C1171148103}.Release|x86.Build.0 = Release|Win32
	EndGlobalSection
	GlobalSection(SolutionProperties) = preSolution
		HideSolutionNode = FALSE
	EndGlobalSection
	GlobalSection(ExtensibilityGlobals) = postSolution
		SolutionGuid = {B95BEEE3-CA06-45EA-B36B-9401E4D7CB13}
	EndGlobalSection
EndGlobal
